
Microsoft Visual Studio Solution File, Format Version 12.00
# Visual Studio 15
Project("{FAE04EC0-301F-11D3-BF4B-00C04F79EFBC}") = "Assembly-CSharp", "Assembly-CSharp.csproj", "{C16D9161-547B-2C58-20E9-8194E118996B}"
EndProject
Project("{FAE04EC0-301F-11D3-BF4B-00C04F79EFBC}") = "Assembly-CSharp-Editor", "Assembly-CSharp-Editor.csproj", "{AF46ADAE-8088-2471-4E1B-FA8020752052}"
EndProject
Global
	GlobalSection(SolutionConfigurationPlatforms) = preSolution
		Debug|Any CPU = Debug|Any CPU
		Release|Any CPU = Release|Any CPU
	EndGlobalSection
	GlobalSection(ProjectConfigurationPlatforms) = postSolution
		{C16D9161-547B-2C58-20E9-8194E118996B}.Debug|Any CPU.ActiveCfg = Debug|Any CPU
		{C16D9161-547B-2C58-20E9-8194E118996B}.Debug|Any CPU.Build.0 = Debug|Any CPU
		{C16D9161-547B-2C58-20E9-8194E118996B}.Release|Any CPU.ActiveCfg = Release|Any CPU
		{C16D9161-547B-2C58-20E9-8194E118996B}.Release|Any CPU.Build.0 = Release|Any CPU
		{AF46ADAE-8088-2471-4E1B-FA8020752052}.Debug|Any CPU.ActiveCfg = Debug|Any CPU
		{AF46ADAE-8088-2471-4E1B-FA8020752052}.Debug|Any CPU.Build.0 = Debug|Any CPU
		{AF46ADAE-8088-2471-4E1B-FA8020752052}.Release|Any CPU.ActiveCfg = Release|Any CPU
		{AF46ADAE-8088-2471-4E1B-FA8020752052}.Release|Any CPU.Build.0 = Release|Any CPU
	EndGlobalSection
	GlobalSection(SolutionProperties) = preSolution
		HideSolutionNode = FALSE
	EndGlobalSection
EndGlobal
