
Microsoft Visual Studio Solution File, Format Version 12.00
# Visual Studio 15
Project("{FAE04EC0-301F-11D3-BF4B-00C04F79EFBC}") = "Assembly-CSharp", "Assembly-CSharp.csproj", "{370BDE1D-66AF-97D4-3814-3BF01A24725F}"
EndProject
Project("{FAE04EC0-301F-11D3-BF4B-00C04F79EFBC}") = "Assembly-CSharp-Editor", "Assembly-CSharp-Editor.csproj", "{5EA9425F-4C5B-ECD4-FA3C-C3D5C2814F82}"
EndProject
Global
	GlobalSection(SolutionConfigurationPlatforms) = preSolution
		Debug|Any CPU = Debug|Any CPU
		Release|Any CPU = Release|Any CPU
	EndGlobalSection
	GlobalSection(ProjectConfigurationPlatforms) = postSolution
		{370BDE1D-66AF-97D4-3814-3BF01A24725F}.Debug|Any CPU.ActiveCfg = Debug|Any CPU
		{370BDE1D-66AF-97D4-3814-3BF01A24725F}.Debug|Any CPU.Build.0 = Debug|Any CPU
		{370BDE1D-66AF-97D4-3814-3BF01A24725F}.Release|Any CPU.ActiveCfg = Release|Any CPU
		{370BDE1D-66AF-97D4-3814-3BF01A24725F}.Release|Any CPU.Build.0 = Release|Any CPU
		{5EA9425F-4C5B-ECD4-FA3C-C3D5C2814F82}.Debug|Any CPU.ActiveCfg = Debug|Any CPU
		{5EA9425F-4C5B-ECD4-FA3C-C3D5C2814F82}.Debug|Any CPU.Build.0 = Debug|Any CPU
		{5EA9425F-4C5B-ECD4-FA3C-C3D5C2814F82}.Release|Any CPU.ActiveCfg = Release|Any CPU
		{5EA9425F-4C5B-ECD4-FA3C-C3D5C2814F82}.Release|Any CPU.Build.0 = Release|Any CPU
	EndGlobalSection
	GlobalSection(SolutionProperties) = preSolution
		HideSolutionNode = FALSE
	EndGlobalSection
EndGlobal
